
Microsoft Visual Studio Solution File, Format Version 12.00
# Visual Studio Version 16
VisualStudioVersion = 16.0.31005.135
MinimumVisualStudioVersion = 10.0.40219.1
Project("{FAE04EC0-301F-11D3-BF4B-00C04F79EFBC}") = "Køen_H1", "Køen_H1\Køen_H1.csproj", "{A1D5A31B-99D9-4CDA-9EC2-30DFD107DEFA}"
EndProject
Global
	GlobalSection(SolutionConfigurationPlatforms) = preSolution
		Debug|Any CPU = Debug|Any CPU
		Release|Any CPU = Release|Any CPU
	EndGlobalSection
	GlobalSection(ProjectConfigurationPlatforms) = postSolution
		{A1D5A31B-99D9-4CDA-9EC2-30DFD107DEFA}.Debug|Any CPU.ActiveCfg = Debug|Any CPU
		{A1D5A31B-99D9-4CDA-9EC2-30DFD107DEFA}.Debug|Any CPU.Build.0 = Debug|Any CPU
		{A1D5A31B-99D9-4CDA-9EC2-30DFD107DEFA}.Release|Any CPU.ActiveCfg = Release|Any CPU
		{A1D5A31B-99D9-4CDA-9EC2-30DFD107DEFA}.Release|Any CPU.Build.0 = Release|Any CPU
	EndGlobalSection
	GlobalSection(SolutionProperties) = preSolution
		HideSolutionNode = FALSE
	EndGlobalSection
	GlobalSection(ExtensibilityGlobals) = postSolution
		SolutionGuid = {1B67C2C4-FB76-4229-BF6F-DF5349E3EE41}
	EndGlobalSection
EndGlobal
